dependencies:
- name: helm-product
  repository: oci://ghcr.io/onecx/charts
  version: 0.3.0
- name: onecx-theme-svc
  repository: oci://ghcr.io/onecx/charts
  version: 1.11.0-rc.1
- name: onecx-theme-bff
  repository: oci://ghcr.io/onecx/charts
  version: 1.10.0-rc.1
- name: onecx-theme-ui
  repository: oci://ghcr.io/onecx/charts
  version: 1.11.0-rc.1
digest: sha256:eb8b4ee8511df51b9731e25c3c076c57f65361304c93dc07fc550f060dbff21d
generated: "2025-09-04T11:21:48.570626553Z"
