dependencies:
- name: helm-product
  repository: oci://ghcr.io/onecx/charts
  version: 0.4.0
- name: onecx-theme-svc
  repository: oci://ghcr.io/onecx/charts
  version: 1.13.0-rc.13
- name: onecx-theme-bff
  repository: oci://ghcr.io/onecx/charts
  version: 1.12.0-rc.12
- name: onecx-theme-ui
  repository: oci://ghcr.io/onecx/charts
  version: 1.12.0-rc.14
digest: sha256:5094b8bbbd29d8ccc58df9e284380e057127c4fab0a95dcac4c33945dfe4cee7
generated: "2026-04-17T06:50:50.638024972Z"
