dependencies:
- name: helm-product
  repository: oci://ghcr.io/onecx/charts
  version: 0.2.0
- name: onecx-theme-svc
  repository: oci://ghcr.io/onecx/charts
  version: 1.4.0-rc.1
- name: onecx-theme-bff
  repository: oci://ghcr.io/onecx/charts
  version: 1.3.0-rc.2
- name: onecx-theme-ui
  repository: oci://ghcr.io/onecx/charts
  version: 1.4.0-rc.1
digest: sha256:ca789278a9a88566b1a1109a3ea69abc9d45f60a29e4ec83f3e1f0e6de598dc6
generated: "2024-11-20T06:00:22.10936262Z"
